STORAGE: NONE
RESTRICTION: == net8.0
NUGET
  remote: https://api.nuget.org/v3/index.json
    Aardvark.Build (2.0.7)
    BenchmarkDotNet (0.14)
      BenchmarkDotNet.Annotations (>= 0.14)
      CommandLineParser (>= 2.9.1)
      Gee.External.Capstone (>= 2.3)
      Iced (>= 1.17)
      Microsoft.CodeAnalysis.CSharp (>= 4.1)
      Microsoft.Diagnostics.Runtime (>= 2.2.332302)
      Microsoft.Diagnostics.Tracing.TraceEvent (>= 3.1.8)
      Microsoft.DotNet.PlatformAbstractions (>= 3.1.6)
      Perfolizer (0.3.17)
      System.Management (>= 5.0)
    BenchmarkDotNet.Annotations (0.15.8)
    CommandLineParser (2.9.1)
    FSharp.Core (8.0.100)
    Gee.External.Capstone (2.3)
    Iced (1.21)
    Microsoft.CodeAnalysis.Analyzers (3.11)
    Microsoft.CodeAnalysis.Common (5.0)
      Microsoft.CodeAnalysis.Analyzers (>= 3.11)
      System.Collections.Immutable (>= 9.0)
      System.Reflection.Metadata (>= 9.0)
    Microsoft.CodeAnalysis.CSharp (5.0)
      Microsoft.CodeAnalysis.Analyzers (>= 3.11)
      Microsoft.CodeAnalysis.Common (5.0)
      System.Collections.Immutable (>= 9.0)
      System.Reflection.Metadata (>= 9.0)
    Microsoft.Diagnostics.NETCore.Client (0.2.661903)
      Microsoft.Extensions.Logging.Abstractions (>= 8.0.3)
    Microsoft.Diagnostics.Runtime (3.1.512801)
      Microsoft.Diagnostics.NETCore.Client (>= 0.2.410101)
    Microsoft.Diagnostics.Tracing.TraceEvent (3.1.29)
      Microsoft.Diagnostics.NETCore.Client (>= 0.2.510501)
      Microsoft.Win32.Registry (>= 5.0)
      System.Collections.Immutable (>= 9.0.8)
      System.Reflection.Metadata (>= 9.0.8)
      System.Reflection.TypeExtensions (>= 4.7)
      System.Runtime.CompilerServices.Unsafe (>= 6.1.2)
      System.Text.Json (>= 9.0.8)
    Microsoft.DotNet.PlatformAbstractions (3.1.6)
    Microsoft.Extensions.DependencyInjection.Abstractions (10.0.3)
    Microsoft.Extensions.Logging.Abstractions (10.0.3)
      Microsoft.Extensions.DependencyInjection.Abstractions (>= 10.0.3)
      System.Diagnostics.DiagnosticSource (>= 10.0.3)
    Microsoft.Win32.Registry (5.0)
      System.Security.AccessControl (>= 5.0)
      System.Security.Principal.Windows (>= 5.0)
    Perfolizer (0.3.17)
    System.CodeDom (10.0.3)
    System.Collections.Immutable (10.0.3)
    System.Diagnostics.DiagnosticSource (10.0.3)
    System.IO.Pipelines (10.0.3)
    System.Management (10.0.3)
      System.CodeDom (>= 10.0.3)
    System.Reflection.Metadata (10.0.3)
      System.Collections.Immutable (>= 10.0.3)
    System.Reflection.TypeExtensions (4.7)
    System.Runtime.CompilerServices.Unsafe (6.1.2)
    System.Security.AccessControl (6.0.1)
    System.Security.Principal.Windows (5.0)
    System.Text.Encodings.Web (10.0.3)
    System.Text.Json (10.0.3)
      System.IO.Pipelines (>= 10.0.3)
      System.Text.Encodings.Web (>= 10.0.3)
